// !$*UTF8*$!
{
	archiveVersion = 1;
	classes = {
	};
	objectVersion = 77;
	objects = {

/* Begin PBXBuildFile section */
		20557694A3B14686416CE3F6 /* DropZoneView.swift in Sources */ = {isa = PBXBuildFile; fileRef = E063D6FB0A773E5A306CAC58 /* DropZoneView.swift */; };
		207CC9B2B75A9F18EC3FE402 /* ImageResizeItem.swift in Sources */ = {isa = PBXBuildFile; fileRef = 14D0E075D0FF2B902AFE4AE6 /* ImageResizeItem.swift */; };
		267371C2C4E0BAA9F2323F7A /* ImageGridView.swift in Sources */ = {isa = PBXBuildFile; fileRef = 17D35A457A217411F51648B0 /* ImageGridView.swift */; };
		B7F2B8001DB180AAAD9464F6 /* ContentView.swift in Sources */ = {isa = PBXBuildFile; fileRef = 549F352DDD3350526A671C09 /* ContentView.swift */; };
		DBC05824A226BB43DB86FCE9 /* ImageResizeViewModel.swift in Sources */ = {isa = PBXBuildFile; fileRef = ADD3B6EC5B7CF553B8F6E23A /* ImageResizeViewModel.swift */; };
		E9A41FF32815E42231328AF9 /* ImageProcessor.swift in Sources */ = {isa = PBXBuildFile; fileRef = A842006296C1664F49DD180E /* ImageProcessor.swift */; };
		F4ECF323011FFDBBA60826F0 /* ImageResizeApp.swift in Sources */ = {isa = PBXBuildFile; fileRef = B109C74D45D069CF154065FC /* ImageResizeApp.swift */; };
/* End PBXBuildFile section */

/* Begin PBXFileReference section */
		14D0E075D0FF2B902AFE4AE6 /* ImageResizeItem.swift */ = {isa = PBXFileReference; lastKnownFileType = sourcecode.swift; path = ImageResizeItem.swift; sourceTree = "<group>"; };
		17D35A457A217411F51648B0 /* ImageGridView.swift */ = {isa = PBXFileReference; lastKnownFileType = sourcecode.swift; path = ImageGridView.swift; sourceTree = "<group>"; };
		549F352DDD3350526A671C09 /* ContentView.swift */ = {isa = PBXFileReference; lastKnownFileType = sourcecode.swift; path = ContentView.swift; sourceTree = "<group>"; };
		9517C4938C016CBFACA91356 /* ImageResize.app */ = {isa = PBXFileReference; explicitFileType = wrapper.application; includeInIndex = 0; path = ImageResize.app; sourceTree = BUILT_PRODUCTS_DIR; };
		A842006296C1664F49DD180E /* ImageProcessor.swift */ = {isa = PBXFileReference; lastKnownFileType = sourcecode.swift; path = ImageProcessor.swift; sourceTree = "<group>"; };
		ADD3B6EC5B7CF553B8F6E23A /* ImageResizeViewModel.swift */ = {isa = PBXFileReference; lastKnownFileType = sourcecode.swift; path = ImageResizeViewModel.swift; sourceTree = "<group>"; };
		B109C74D45D069CF154065FC /* ImageResizeApp.swift */ = {isa = PBXFileReference; lastKnownFileType = sourcecode.swift; path = ImageResizeApp.swift; sourceTree = "<group>"; };
		E063D6FB0A773E5A306CAC58 /* DropZoneView.swift */ = {isa = PBXFileReference; lastKnownFileType = sourcecode.swift; path = DropZoneView.swift; sourceTree = "<group>"; };
/* End PBXFileReference section */

/* Begin PBXGroup section */
		2673B9614AC178FC370D35D6 /* ImageResize */ = {
			isa = PBXGroup;
			children = (
				549F352DDD3350526A671C09 /* ContentView.swift */,
				E063D6FB0A773E5A306CAC58 /* DropZoneView.swift */,
				17D35A457A217411F51648B0 /* ImageGridView.swift */,
				A842006296C1664F49DD180E /* ImageProcessor.swift */,
				B109C74D45D069CF154065FC /* ImageResizeApp.swift */,
				14D0E075D0FF2B902AFE4AE6 /* ImageResizeItem.swift */,
				ADD3B6EC5B7CF553B8F6E23A /* ImageResizeViewModel.swift */,
			);
			path = ImageResize;
			sourceTree = "<group>";
		};
		34DC57A509C51317E1C082AF = {
			isa = PBXGroup;
			children = (
				2673B9614AC178FC370D35D6 /* ImageResize */,
				967FA8AB67F411F6ED02AC21 /* Products */,
			);
			sourceTree = "<group>";
		};
		967FA8AB67F411F6ED02AC21 /* Products */ = {
			isa = PBXGroup;
			children = (
				9517C4938C016CBFACA91356 /* ImageResize.app */,
			);
			name = Products;
			sourceTree = "<group>";
		};
/* End PBXGroup section */

/* Begin PBXNativeTarget section */
		76F7FB9D320F9D85B30CDA8B /* ImageResize */ = {
			isa = PBXNativeTarget;
			buildConfigurationList = EDFB9660EC90C4A94961DAC1 /* Build configuration list for PBXNativeTarget "ImageResize" */;
			buildPhases = (
				7375789859C8FCE89DFF03D4 /* Sources */,
			);
			buildRules = (
			);
			dependencies = (
			);
			name = ImageResize;
			packageProductDependencies = (
			);
			productName = ImageResize;
			productReference = 9517C4938C016CBFACA91356 /* ImageResize.app */;
			productType = "com.apple.product-type.application";
		};
/* End PBXNativeTarget section */

/* Begin PBXProject section */
		FB663624488F50FACC3B43C1 /* Project object */ = {
			isa = PBXProject;
			attributes = {
				BuildIndependentTargetsInParallel = YES;
				LastUpgradeCheck = 1430;
				TargetAttributes = {
				};
			};
			buildConfigurationList = A1165928AD80403BB887E8FB /* Build configuration list for PBXProject "ImageResize" */;
			developmentRegion = en;
			hasScannedForEncodings = 0;
			knownRegions = (
				Base,
				en,
			);
			mainGroup = 34DC57A509C51317E1C082AF;
			minimizedProjectReferenceProxies = 1;
			preferredProjectObjectVersion = 77;
			productRefGroup = 967FA8AB67F411F6ED02AC21 /* Products */;
			projectDirPath = "";
			projectRoot = "";
			targets = (
				76F7FB9D320F9D85B30CDA8B /* ImageResize */,
			);
		};
/* End PBXProject section */

/* Begin PBXSourcesBuildPhase section */
		7375789859C8FCE89DFF03D4 /* Sources */ = {
			isa = PBXSourcesBuildPhase;
			buildActionMask = 2147483647;
			files = (
				B7F2B8001DB180AAAD9464F6 /* ContentView.swift in Sources */,
				20557694A3B14686416CE3F6 /* DropZoneView.swift in Sources */,
				267371C2C4E0BAA9F2323F7A /* ImageGridView.swift in Sources */,
				E9A41FF32815E42231328AF9 /* ImageProcessor.swift in Sources */,
				F4ECF323011FFDBBA60826F0 /* ImageResizeApp.swift in Sources */,
				207CC9B2B75A9F18EC3FE402 /* ImageResizeItem.swift in Sources */,
				DBC05824A226BB43DB86FCE9 /* ImageResizeViewModel.swift in Sources */,
			);
			runOnlyForDeploymentPostprocessing = 0;
		};
/* End PBXSourcesBuildPhase section */

/* Begin XCBuildConfiguration section */
		61988819E32BC67DB538778D /* Debug */ = {
			isa = XCBuildConfiguration;
			buildSettings = {
				ALWAYS_SEARCH_USER_PATHS = NO;
				CLANG_ANALYZER_NONNULL = YES;
				CLANG_ANALYZER_NUMBER_OBJECT_CONVERSION = YES_AGGRESSIVE;
				CLANG_CXX_LANGUAGE_STANDARD = "gnu++14";
				CLANG_CXX_LIBRARY = "libc++";
				CLANG_ENABLE_MODULES = YES;
				CLANG_ENABLE_OBJC_ARC = YES;
				CLANG_ENABLE_OBJC_WEAK = YES;
				CLANG_WARN_BLOCK_CAPTURE_AUTORELEASING = YES;
				CLANG_WARN_BOOL_CONVERSION = YES;
				CLANG_WARN_COMMA = YES;
				CLANG_WARN_CONSTANT_CONVERSION = YES;
				CLANG_WARN_DEPRECATED_OBJC_IMPLEMENTATIONS = YES;
				CLANG_WARN_DIRECT_OBJC_ISA_USAGE = YES_ERROR;
				CLANG_WARN_DOCUMENTATION_COMMENTS = YES;
				CLANG_WARN_EMPTY_BODY = YES;
				CLANG_WARN_ENUM_CONVERSION = YES;
				CLANG_WARN_INFINITE_RECURSION = YES;
				CLANG_WARN_INT_CONVERSION = YES;
				CLANG_WARN_NON_LITERAL_NULL_CONVERSION = YES;
				CLANG_WARN_OBJC_IMPLICIT_RETAIN_SELF = YES;
				CLANG_WARN_OBJC_LITERAL_CONVERSION = YES;
				CLANG_WARN_OBJC_ROOT_CLASS = YES_ERROR;
				CLANG_WARN_QUOTED_INCLUDE_IN_FRAMEWORK_HEADER = YES;
				CLANG_WARN_RANGE_LOOP_ANALYSIS = YES;
				CLANG_WARN_STRICT_PROTOTYPES = YES;
				CLANG_WARN_SUSPICIOUS_MOVE = YES;
				CLANG_WARN_UNGUARDED_AVAILABILITY = YES_AGGRESSIVE;
				CLANG_WARN_UNREACHABLE_CODE = YES;
				CLANG_WARN__DUPLICATE_METHOD_MATCH = YES;
				COPY_PHASE_STRIP = NO;
				DEBUG_INFORMATION_FORMAT = dwarf;
				ENABLE_STRICT_OBJC_MSGSEND = YES;
				ENABLE_TESTABILITY = YES;
				GCC_C_LANGUAGE_STANDARD = gnu11;
				GCC_DYNAMIC_NO_PIC = NO;
				GCC_NO_COMMON_BLOCKS = YES;
				GCC_OPTIMIZATION_LEVEL = 0;
				GCC_PREPROCESSOR_DEFINITIONS = (
					"$(inherited)",
					"DEBUG=1",
				);
				GCC_WARN_64_TO_32_BIT_CONVERSION = YES;
				GCC_WARN_ABOUT_RETURN_TYPE = YES_ERROR;
				GCC_WARN_UNDECLARED_SELECTOR = YES;
				GCC_WARN_UNINITIALIZED_AUTOS = YES_AGGRESSIVE;
				GCC_WARN_UNUSED_FUNCTION = YES;
				GCC_WARN_UNUSED_VARIABLE = YES;
				MACOSX_DEPLOYMENT_TARGET = 13.0;
				MTL_ENABLE_DEBUG_INFO = INCLUDE_SOURCE;
				MTL_FAST_MATH = YES;
				ONLY_ACTIVE_ARCH = YES;
				PRODUCT_NAME = "$(TARGET_NAME)";
				SDKROOT = macosx;
				SWIFT_ACTIVE_COMPILATION_CONDITIONS = DEBUG;
				SWIFT_OPTIMIZATION_LEVEL = "-Onone";
				SWIFT_VERSION = 5.9;
			};
			name = Debug;
		};
		661D6677B49BCD10F3D2C225 /* Release */ = {
			isa = XCBuildConfiguration;
			buildSettings = {
				ASSETCATALOG_COMPILER_APPICON_NAME = AppIcon;
				COMBINE_HIDPI_IMAGES = YES;
				CURRENT_PROJECT_VERSION = 1;
				ENABLE_HARDENED_RUNTIME = YES;
				GENERATE_INFOPLIST_FILE = YES;
				INFOPLIST_KEY_CFBundleDisplayName = "Image Resize";
				INFOPLIST_KEY_LSApplicationCategoryType = "public.app-category.photography";
				LD_RUNPATH_SEARCH_PATHS = (
					"$(inherited)",
					"@executable_path/../Frameworks",
				);
				MARKETING_VERSION = 1.0;
				PRODUCT_BUNDLE_IDENTIFIER = "com.appcraft.image-resize";
				PRODUCT_NAME = "Image Resize";
				SDKROOT = macosx;
			};
			name = Release;
		};
		796E8150C4FECCBD82E7176B /* Debug */ = {
			isa = XCBuildConfiguration;
			buildSettings = {
				ASSETCATALOG_COMPILER_APPICON_NAME = AppIcon;
				COMBINE_HIDPI_IMAGES = YES;
				CURRENT_PROJECT_VERSION = 1;
				ENABLE_HARDENED_RUNTIME = YES;
				GENERATE_INFOPLIST_FILE = YES;
				INFOPLIST_KEY_CFBundleDisplayName = "Image Resize";
				INFOPLIST_KEY_LSApplicationCategoryType = "public.app-category.photography";
				LD_RUNPATH_SEARCH_PATHS = (
					"$(inherited)",
					"@executable_path/../Frameworks",
				);
				MARKETING_VERSION = 1.0;
				PRODUCT_BUNDLE_IDENTIFIER = "com.appcraft.image-resize";
				PRODUCT_NAME = "Image Resize";
				SDKROOT = macosx;
			};
			name = Debug;
		};
		CC7475CD6F62F9AE9C074E44 /* Release */ = {
			isa = XCBuildConfiguration;
			buildSettings = {
				ALWAYS_SEARCH_USER_PATHS = NO;
				CLANG_ANALYZER_NONNULL = YES;
				CLANG_ANALYZER_NUMBER_OBJECT_CONVERSION = YES_AGGRESSIVE;
				CLANG_CXX_LANGUAGE_STANDARD = "gnu++14";
				CLANG_CXX_LIBRARY = "libc++";
				CLANG_ENABLE_MODULES = YES;
				CLANG_ENABLE_OBJC_ARC = YES;
				CLANG_ENABLE_OBJC_WEAK = YES;
				CLANG_WARN_BLOCK_CAPTURE_AUTORELEASING = YES;
				CLANG_WARN_BOOL_CONVERSION = YES;
				CLANG_WARN_COMMA = YES;
				CLANG_WARN_CONSTANT_CONVERSION = YES;
				CLANG_WARN_DEPRECATED_OBJC_IMPLEMENTATIONS = YES;
				CLANG_WARN_DIRECT_OBJC_ISA_USAGE = YES_ERROR;
				CLANG_WARN_DOCUMENTATION_COMMENTS = YES;
				CLANG_WARN_EMPTY_BODY = YES;
				CLANG_WARN_ENUM_CONVERSION = YES;
				CLANG_WARN_INFINITE_RECURSION = YES;
				CLANG_WARN_INT_CONVERSION = YES;
				CLANG_WARN_NON_LITERAL_NULL_CONVERSION = YES;
				CLANG_WARN_OBJC_IMPLICIT_RETAIN_SELF = YES;
				CLANG_WARN_OBJC_LITERAL_CONVERSION = YES;
				CLANG_WARN_OBJC_ROOT_CLASS = YES_ERROR;
				CLANG_WARN_QUOTED_INCLUDE_IN_FRAMEWORK_HEADER = YES;
				CLANG_WARN_RANGE_LOOP_ANALYSIS = YES;
				CLANG_WARN_STRICT_PROTOTYPES = YES;
				CLANG_WARN_SUSPICIOUS_MOVE = YES;
				CLANG_WARN_UNGUARDED_AVAILABILITY = YES_AGGRESSIVE;
				CLANG_WARN_UNREACHABLE_CODE = YES;
				CLANG_WARN__DUPLICATE_METHOD_MATCH = YES;
				COPY_PHASE_STRIP = NO;
				DEBUG_INFORMATION_FORMAT = "dwarf-with-dsym";
				ENABLE_NS_ASSERTIONS = NO;
				ENABLE_STRICT_OBJC_MSGSEND = YES;
				GCC_C_LANGUAGE_STANDARD = gnu11;
				GCC_NO_COMMON_BLOCKS = YES;
				GCC_WARN_64_TO_32_BIT_CONVERSION = YES;
				GCC_WARN_ABOUT_RETURN_TYPE = YES_ERROR;
				GCC_WARN_UNDECLARED_SELECTOR = YES;
				GCC_WARN_UNINITIALIZED_AUTOS = YES_AGGRESSIVE;
				GCC_WARN_UNUSED_FUNCTION = YES;
				GCC_WARN_UNUSED_VARIABLE = YES;
				MACOSX_DEPLOYMENT_TARGET = 13.0;
				MTL_ENABLE_DEBUG_INFO = NO;
				MTL_FAST_MATH = YES;
				PRODUCT_NAME = "$(TARGET_NAME)";
				SDKROOT = macosx;
				SWIFT_COMPILATION_MODE = wholemodule;
				SWIFT_OPTIMIZATION_LEVEL = "-O";
				SWIFT_VERSION = 5.9;
			};
			name = Release;
		};
/* End XCBuildConfiguration section */

/* Begin XCConfigurationList section */
		A1165928AD80403BB887E8FB /* Build configuration list for PBXProject "ImageResize" */ = {
			isa = XCConfigurationList;
			buildConfigurations = (
				61988819E32BC67DB538778D /* Debug */,
				CC7475CD6F62F9AE9C074E44 /* Release */,
			);
			defaultConfigurationIsVisible = 0;
			defaultConfigurationName = Debug;
		};
		EDFB9660EC90C4A94961DAC1 /* Build configuration list for PBXNativeTarget "ImageResize" */ = {
			isa = XCConfigurationList;
			buildConfigurations = (
				796E8150C4FECCBD82E7176B /* Debug */,
				661D6677B49BCD10F3D2C225 /* Release */,
			);
			defaultConfigurationIsVisible = 0;
			defaultConfigurationName = Debug;
		};
/* End XCConfigurationList section */
	};
	rootObject = FB663624488F50FACC3B43C1 /* Project object */;
}
